
Microsoft Visual Studio Solution File, Format Version 12.00
# Visual Studio Version 17
VisualStudioVersion = 17.3.32819.101
MinimumVisualStudioVersion = 10.0.40219.1
Project("{FAE04EC0-301F-11D3-BF4B-00C04F79EFBC}") = "FirstMVCApp", "FirstMVCApp\FirstMVCApp.csproj", "{A227EEED-49D4-4B5D-B5AD-5DE479510E40}"
EndProject
Global
	GlobalSection(SolutionConfigurationPlatforms) = preSolution
		Debug|Any CPU = Debug|Any CPU
		Release|Any CPU = Release|Any CPU
	EndGlobalSection
	GlobalSection(ProjectConfigurationPlatforms) = postSolution
		{A227EEED-49D4-4B5D-B5AD-5DE479510E40}.Debug|Any CPU.ActiveCfg = Debug|Any CPU
		{A227EEED-49D4-4B5D-B5AD-5DE479510E40}.Debug|Any CPU.Build.0 = Debug|Any CPU
		{A227EEED-49D4-4B5D-B5AD-5DE479510E40}.Release|Any CPU.ActiveCfg = Release|Any CPU
		{A227EEED-49D4-4B5D-B5AD-5DE479510E40}.Release|Any CPU.Build.0 = Release|Any CPU
	EndGlobalSection
	GlobalSection(SolutionProperties) = preSolution
		HideSolutionNode = FALSE
	EndGlobalSection
	GlobalSection(ExtensibilityGlobals) = postSolution
		SolutionGuid = {2AFD3471-59DB-43CC-AF7F-68F6C477B148}
	EndGlobalSection
EndGlobal
